
Microsoft Visual Studio Solution File, Format Version 12.00
# Visual Studio 15
VisualStudioVersion = 15.0.28010.2036
MinimumVisualStudioVersion = 10.0.40219.1
Project("{9A19103F-16F7-4668-BE54-9A1E7A4F7556}") = "Budget", "Budget\Budget.csproj", "{CBD59AB1-8DF2-4346-ACC8-EC2BE590ECC9}"
EndProject
Project("{9A19103F-16F7-4668-BE54-9A1E7A4F7556}") = "Budget.Tests", "Budget.Tests\Budget.Tests.csproj", "{9B6FA440-AA2C-4F1A-84F2-7DFC55B401A7}"
EndProject
Global
	GlobalSection(SolutionConfigurationPlatforms) = preSolution
		Debug|Any CPU = Debug|Any CPU
		Release|Any CPU = Release|Any CPU
	EndGlobalSection
	GlobalSection(ProjectConfigurationPlatforms) = postSolution
		{CBD59AB1-8DF2-4346-ACC8-EC2BE590ECC9}.Debug|Any CPU.ActiveCfg = Debug|Any CPU
		{CBD59AB1-8DF2-4346-ACC8-EC2BE590ECC9}.Debug|Any CPU.Build.0 = Debug|Any CPU
		{CBD59AB1-8DF2-4346-ACC8-EC2BE590ECC9}.Release|Any CPU.ActiveCfg = Release|Any CPU
		{CBD59AB1-8DF2-4346-ACC8-EC2BE590ECC9}.Release|Any CPU.Build.0 = Release|Any CPU
		{9B6FA440-AA2C-4F1A-84F2-7DFC55B401A7}.Debug|Any CPU.ActiveCfg = Debug|Any CPU
		{9B6FA440-AA2C-4F1A-84F2-7DFC55B401A7}.Debug|Any CPU.Build.0 = Debug|Any CPU
		{9B6FA440-AA2C-4F1A-84F2-7DFC55B401A7}.Release|Any CPU.ActiveCfg = Release|Any CPU
		{9B6FA440-AA2C-4F1A-84F2-7DFC55B401A7}.Release|Any CPU.Build.0 = Release|Any CPU
	EndGlobalSection
	GlobalSection(SolutionProperties) = preSolution
		HideSolutionNode = FALSE
	EndGlobalSection
	GlobalSection(ExtensibilityGlobals) = postSolution
		SolutionGuid = {26D88826-8887-4B0D-BD6A-1FBF779CEC88}
	EndGlobalSection
EndGlobal
